// !$*UTF8*$!
{
	archiveVersion = 1;
	classes = {
	};
	objectVersion = 46;
	objects = {

/* Begin PBXBuildFile section */
		048AD24A1BFBB1300012D9CF /* Main.storyboard in Resources */ = {isa = PBXBuildFile; fileRef = 048AD24C1BFBB1300012D9CF /* Main.storyboard */; };
		048AD24D1BFBB1390012D9CF /* Settings.storyboard in Resources */ = {isa = PBXBuildFile; fileRef = 048AD24F1BFBB1390012D9CF /* Settings.storyboard */; };
		048AD2501BFBB13D0012D9CF /* Setup.storyboard in Resources */ = {isa = PBXBuildFile; fileRef = 048AD2521BFBB13D0012D9CF /* Setup.storyboard */; };
		6299DDEE1BC2CC6900B37186 /* AppDelegate.swift in Sources */ = {isa = PBXBuildFile; fileRef = 6299DDED1BC2CC6900B37186 /* AppDelegate.swift */; };
		6299DDF51BC2CC6900B37186 /* Assets.xcassets in Resources */ = {isa = PBXBuildFile; fileRef = 6299DDF41BC2CC6900B37186 /* Assets.xcassets */; };
		6299DDF81BC2CC6900B37186 /* LaunchScreen.storyboard in Resources */ = {isa = PBXBuildFile; fileRef = 6299DDF61BC2CC6900B37186 /* LaunchScreen.storyboard */; };
		62A87E891BC2F71300CEDBFE /* CounterViewController.swift in Sources */ = {isa = PBXBuildFile; fileRef = 62A87E881BC2F71300CEDBFE /* CounterViewController.swift */; };
		62A87E8B1BC2F75A00CEDBFE /* SetupViewController.swift in Sources */ = {isa = PBXBuildFile; fileRef = 62A87E8A1BC2F75A00CEDBFE /* SetupViewController.swift */; };
		62A87E901BC2F7CD00CEDBFE /* SettingsViewController.swift in Sources */ = {isa = PBXBuildFile; fileRef = 62A87E8F1BC2F7CD00CEDBFE /* SettingsViewController.swift */; };
		62A87E921BC2FA7A00CEDBFE /* SetupInfoViewController.swift in Sources */ = {isa = PBXBuildFile; fileRef = 62A87E911BC2FA7A00CEDBFE /* SetupInfoViewController.swift */; };
		62A87E941BC2FC1D00CEDBFE /* SetupYearViewController.swift in Sources */ = {isa = PBXBuildFile; fileRef = 62A87E931BC2FC1D00CEDBFE /* SetupYearViewController.swift */; };
		62A87E981BC30F1B00CEDBFE /* FUDefaults.swift in Sources */ = {isa = PBXBuildFile; fileRef = 62A87E971BC30F1B00CEDBFE /* FUDefaults.swift */; };
		62BC86641BC673510013D5CD /* FUYearPickerView.swift in Sources */ = {isa = PBXBuildFile; fileRef = 62BC86631BC673510013D5CD /* FUYearPickerView.swift */; };
/* End PBXBuildFile section */

/* Begin PBXFileReference section */
		048AD24B1BFBB1300012D9CF /* Base */ = {isa = PBXFileReference; lastKnownFileType = file.storyboard; name = Base; path = Base.lproj/Main.storyboard; sourceTree = "<group>"; };
		048AD24E1BFBB1390012D9CF /* Base */ = {isa = PBXFileReference; lastKnownFileType = file.storyboard; name = Base; path = Base.lproj/Settings.storyboard; sourceTree = "<group>"; };
		048AD2511BFBB13D0012D9CF /* Base */ = {isa = PBXFileReference; lastKnownFileType = file.storyboard; name = Base; path = Base.lproj/Setup.storyboard; sourceTree = "<group>"; };
		048AD2531BFBB1540012D9CF /* nl */ = {isa = PBXFileReference; lastKnownFileType = text.plist.strings; name = nl; path = nl.lproj/Main.strings; sourceTree = "<group>"; };
		048AD2541BFBB1540012D9CF /* nl */ = {isa = PBXFileReference; lastKnownFileType = text.plist.strings; name = nl; path = nl.lproj/Settings.strings; sourceTree = "<group>"; };
		048AD2551BFBB1540012D9CF /* nl */ = {isa = PBXFileReference; lastKnownFileType = text.plist.strings; name = nl; path = nl.lproj/Setup.strings; sourceTree = "<group>"; };
		048AD2561BFBB1540012D9CF /* nl */ = {isa = PBXFileReference; lastKnownFileType = text.plist.strings; name = nl; path = nl.lproj/LaunchScreen.strings; sourceTree = "<group>"; };
		6299DDEA1BC2CC6900B37186 /* 22.app */ = {isa = PBXFileReference; explicitFileType = wrapper.application; includeInIndex = 0; path = 22.app; sourceTree = BUILT_PRODUCTS_DIR; };
		6299DDED1BC2CC6900B37186 /* AppDelegate.swift */ = {isa = PBXFileReference; lastKnownFileType = sourcecode.swift; path = AppDelegate.swift; sourceTree = "<group>"; };
		6299DDF41BC2CC6900B37186 /* Assets.xcassets */ = {isa = PBXFileReference; lastKnownFileType = folder.assetcatalog; path = Assets.xcassets; sourceTree = "<group>"; };
		6299DDF71BC2CC6900B37186 /* Base */ = {isa = PBXFileReference; lastKnownFileType = file.storyboard; name = Base; path = Base.lproj/LaunchScreen.storyboard; sourceTree = "<group>"; };
		6299DDF91BC2CC6900B37186 /* Info.plist */ = {isa = PBXFileReference; lastKnownFileType = text.plist.xml; path = Info.plist; sourceTree = "<group>"; };
		62A87E881BC2F71300CEDBFE /* CounterViewController.swift */ = {isa = PBXFileReference; fileEncoding = 4; lastKnownFileType = sourcecode.swift; path = CounterViewController.swift; sourceTree = "<group>"; };
		62A87E8A1BC2F75A00CEDBFE /* SetupViewController.swift */ = {isa = PBXFileReference; fileEncoding = 4; lastKnownFileType = sourcecode.swift; path = SetupViewController.swift; sourceTree = "<group>"; };
		62A87E8F1BC2F7CD00CEDBFE /* SettingsViewController.swift */ = {isa = PBXFileReference; fileEncoding = 4; lastKnownFileType = sourcecode.swift; path = SettingsViewController.swift; sourceTree = "<group>"; };
		62A87E911BC2FA7A00CEDBFE /* SetupInfoViewController.swift */ = {isa = PBXFileReference; fileEncoding = 4; lastKnownFileType = sourcecode.swift; path = SetupInfoViewController.swift; sourceTree = "<group>"; };
		62A87E931BC2FC1D00CEDBFE /* SetupYearViewController.swift */ = {isa = PBXFileReference; fileEncoding = 4; lastKnownFileType = sourcecode.swift; path = SetupYearViewController.swift; sourceTree = "<group>"; };
		62A87E971BC30F1B00CEDBFE /* FUDefaults.swift */ = {isa = PBXFileReference; fileEncoding = 4; lastKnownFileType = sourcecode.swift; path = FUDefaults.swift; sourceTree = "<group>"; };
		62BC86631BC673510013D5CD /* FUYearPickerView.swift */ = {isa = PBXFileReference; fileEncoding = 4; lastKnownFileType = sourcecode.swift; path = FUYearPickerView.swift; sourceTree = "<group>"; };
/* End PBXFileReference section */

/* Begin PBXFrameworksBuildPhase section */
		6299DDE71BC2CC6900B37186 /* Frameworks */ = {
			isa = PBXFrameworksBuildPhase;
			buildActionMask = 2147483647;
			files = (
			);
			runOnlyForDeploymentPostprocessing = 0;
		};
/* End PBXFrameworksBuildPhase section */

/* Begin PBXGroup section */
		6299DDE11BC2CC6900B37186 = {
			isa = PBXGroup;
			children = (
				6299DDEC1BC2CC6900B37186 /* 22 */,
				6299DDEB1BC2CC6900B37186 /* Products */,
			);
			sourceTree = "<group>";
		};
		6299DDEB1BC2CC6900B37186 /* Products */ = {
			isa = PBXGroup;
			children = (
				6299DDEA1BC2CC6900B37186 /* 22.app */,
			);
			name = Products;
			sourceTree = "<group>";
		};
		6299DDEC1BC2CC6900B37186 /* 22 */ = {
			isa = PBXGroup;
			children = (
				6299DDED1BC2CC6900B37186 /* AppDelegate.swift */,
				62A87E951BC30EF100CEDBFE /* Components */,
				62A87E811BC2D10400CEDBFE /* Modules */,
				6299DE001BC2CC8200B37186 /* Supporting Files */,
				6299DDFF1BC2CC7E00B37186 /* UI */,
			);
			path = 22;
			sourceTree = "<group>";
		};
		6299DDFF1BC2CC7E00B37186 /* UI */ = {
			isa = PBXGroup;
			children = (
				6299DDF41BC2CC6900B37186 /* Assets.xcassets */,
				6299DDF61BC2CC6900B37186 /* LaunchScreen.storyboard */,
			);
			name = UI;
			sourceTree = "<group>";
		};
		6299DE001BC2CC8200B37186 /* Supporting Files */ = {
			isa = PBXGroup;
			children = (
				6299DDF91BC2CC6900B37186 /* Info.plist */,
			);
			name = "Supporting Files";
			sourceTree = "<group>";
		};
		62A87E811BC2D10400CEDBFE /* Modules */ = {
			isa = PBXGroup;
			children = (
				62A87E821BC2D10400CEDBFE /* Main */,
				62A87E8C1BC2F7B600CEDBFE /* Settings */,
				62A87E831BC2D10400CEDBFE /* Setup */,
			);
			path = Modules;
			sourceTree = "<group>";
		};
		62A87E821BC2D10400CEDBFE /* Main */ = {
			isa = PBXGroup;
			children = (
				62A87E881BC2F71300CEDBFE /* CounterViewController.swift */,
				048AD24C1BFBB1300012D9CF /* Main.storyboard */,
			);
			path = Main;
			sourceTree = "<group>";
		};
		62A87E831BC2D10400CEDBFE /* Setup */ = {
			isa = PBXGroup;
			children = (
				048AD2521BFBB13D0012D9CF /* Setup.storyboard */,
				62A87E931BC2FC1D00CEDBFE /* SetupYearViewController.swift */,
				62A87E911BC2FA7A00CEDBFE /* SetupInfoViewController.swift */,
				62A87E8A1BC2F75A00CEDBFE /* SetupViewController.swift */,
			);
			path = Setup;
			sourceTree = "<group>";
		};
		62A87E8C1BC2F7B600CEDBFE /* Settings */ = {
			isa = PBXGroup;
			children = (
				048AD24F1BFBB1390012D9CF /* Settings.storyboard */,
				62A87E8F1BC2F7CD00CEDBFE /* SettingsViewController.swift */,
			);
			path = Settings;
			sourceTree = "<group>";
		};
		62A87E951BC30EF100CEDBFE /* Components */ = {
			isa = PBXGroup;
			children = (
				62BC86621BC673440013D5CD /* Views */,
				62A87E961BC30EF100CEDBFE /* Extensions */,
			);
			path = Components;
			sourceTree = "<group>";
		};
		62A87E961BC30EF100CEDBFE /* Extensions */ = {
			isa = PBXGroup;
			children = (
				62A87E971BC30F1B00CEDBFE /* FUDefaults.swift */,
			);
			path = Extensions;
			sourceTree = "<group>";
		};
		62BC86621BC673440013D5CD /* Views */ = {
			isa = PBXGroup;
			children = (
				62BC86631BC673510013D5CD /* FUYearPickerView.swift */,
			);
			path = Views;
			sourceTree = "<group>";
		};
/* End PBXGroup section */

/* Begin PBXNativeTarget section */
		6299DDE91BC2CC6900B37186 /* 22 */ = {
			isa = PBXNativeTarget;
			buildConfigurationList = 6299DDFC1BC2CC6900B37186 /* Build configuration list for PBXNativeTarget "22" */;
			buildPhases = (
				6299DDE61BC2CC6900B37186 /* Sources */,
				6299DDE71BC2CC6900B37186 /* Frameworks */,
				6299DDE81BC2CC6900B37186 /* Resources */,
			);
			buildRules = (
			);
			dependencies = (
			);
			name = 22;
			productName = 22;
			productReference = 6299DDEA1BC2CC6900B37186 /* 22.app */;
			productType = "com.apple.product-type.application";
		};
/* End PBXNativeTarget section */

/* Begin PBXProject section */
		6299DDE21BC2CC6900B37186 /* Project object */ = {
			isa = PBXProject;
			attributes = {
				LastUpgradeCheck = 0700;
				ORGANIZATIONNAME = Fousa;
				TargetAttributes = {
					6299DDE91BC2CC6900B37186 = {
						CreatedOnToolsVersion = 7.0.1;
						DevelopmentTeam = 743AM63YFU;
					};
				};
			};
			buildConfigurationList = 6299DDE51BC2CC6900B37186 /* Build configuration list for PBXProject "22" */;
			compatibilityVersion = "Xcode 3.2";
			developmentRegion = English;
			hasScannedForEncodings = 0;
			knownRegions = (
				en,
				Base,
			);
			mainGroup = 6299DDE11BC2CC6900B37186;
			productRefGroup = 6299DDEB1BC2CC6900B37186 /* Products */;
			projectDirPath = "";
			projectRoot = "";
			targets = (
				6299DDE91BC2CC6900B37186 /* 22 */,
			);
		};
/* End PBXProject section */

/* Begin PBXResourcesBuildPhase section */
		6299DDE81BC2CC6900B37186 /* Resources */ = {
			isa = PBXResourcesBuildPhase;
			buildActionMask = 2147483647;
			files = (
				048AD2501BFBB13D0012D9CF /* Setup.storyboard in Resources */,
				6299DDF81BC2CC6900B37186 /* LaunchScreen.storyboard in Resources */,
				6299DDF51BC2CC6900B37186 /* Assets.xcassets in Resources */,
				048AD24A1BFBB1300012D9CF /* Main.storyboard in Resources */,
				048AD24D1BFBB1390012D9CF /* Settings.storyboard in Resources */,
			);
			runOnlyForDeploymentPostprocessing = 0;
		};
/* End PBXResourcesBuildPhase section */

/* Begin PBXSourcesBuildPhase section */
		6299DDE61BC2CC6900B37186 /* Sources */ = {
			isa = PBXSourcesBuildPhase;
			buildActionMask = 2147483647;
			files = (
				6299DDEE1BC2CC6900B37186 /* AppDelegate.swift in Sources */,
				62A87E8B1BC2F75A00CEDBFE /* SetupViewController.swift in Sources */,
				62A87E921BC2FA7A00CEDBFE /* SetupInfoViewController.swift in Sources */,
				62A87E891BC2F71300CEDBFE /* CounterViewController.swift in Sources */,
				62A87E981BC30F1B00CEDBFE /* FUDefaults.swift in Sources */,
				62A87E941BC2FC1D00CEDBFE /* SetupYearViewController.swift in Sources */,
				62BC86641BC673510013D5CD /* FUYearPickerView.swift in Sources */,
				62A87E901BC2F7CD00CEDBFE /* SettingsViewController.swift in Sources */,
			);
			runOnlyForDeploymentPostprocessing = 0;
		};
/* End PBXSourcesBuildPhase section */

/* Begin PBXVariantGroup section */
		048AD24C1BFBB1300012D9CF /* Main.storyboard */ = {
			isa = PBXVariantGroup;
			children = (
				048AD24B1BFBB1300012D9CF /* Base */,
				048AD2531BFBB1540012D9CF /* nl */,
			);
			name = Main.storyboard;
			sourceTree = "<group>";
		};
		048AD24F1BFBB1390012D9CF /* Settings.storyboard */ = {
			isa = PBXVariantGroup;
			children = (
				048AD24E1BFBB1390012D9CF /* Base */,
				048AD2541BFBB1540012D9CF /* nl */,
			);
			name = Settings.storyboard;
			sourceTree = "<group>";
		};
		048AD2521BFBB13D0012D9CF /* Setup.storyboard */ = {
			isa = PBXVariantGroup;
			children = (
				048AD2511BFBB13D0012D9CF /* Base */,
				048AD2551BFBB1540012D9CF /* nl */,
			);
			name = Setup.storyboard;
			sourceTree = "<group>";
		};
		6299DDF61BC2CC6900B37186 /* LaunchScreen.storyboard */ = {
			isa = PBXVariantGroup;
			children = (
				6299DDF71BC2CC6900B37186 /* Base */,
				048AD2561BFBB1540012D9CF /* nl */,
			);
			name = LaunchScreen.storyboard;
			sourceTree = "<group>";
		};
/* End PBXVariantGroup section */

/* Begin XCBuildConfiguration section */
		6299DDFA1BC2CC6900B37186 /* Debug */ = {
			isa = XCBuildConfiguration;
			buildSettings = {
				ALWAYS_SEARCH_USER_PATHS = NO;
				CLANG_CXX_LANGUAGE_STANDARD = "gnu++0x";
				CLANG_CXX_LIBRARY = "libc++";
				CLANG_ENABLE_MODULES = YES;
				CLANG_ENABLE_OBJC_ARC = YES;
				CLANG_WARN_BOOL_CONVERSION = YES;
				CLANG_WARN_CONSTANT_CONVERSION = YES;
				CLANG_WARN_DIRECT_OBJC_ISA_USAGE = YES_ERROR;
				CLANG_WARN_EMPTY_BODY = YES;
				CLANG_WARN_ENUM_CONVERSION = YES;
				CLANG_WARN_INT_CONVERSION = YES;
				CLANG_WARN_OBJC_ROOT_CLASS = YES_ERROR;
				CLANG_WARN_UNREACHABLE_CODE = YES;
				CLANG_WARN__DUPLICATE_METHOD_MATCH = YES;
				"CODE_SIGN_IDENTITY[sdk=iphoneos*]" = "iPhone Developer";
				COPY_PHASE_STRIP = NO;
				DEBUG_INFORMATION_FORMAT = dwarf;
				ENABLE_STRICT_OBJC_MSGSEND = YES;
				ENABLE_TESTABILITY = YES;
				GCC_C_LANGUAGE_STANDARD = gnu99;
				GCC_DYNAMIC_NO_PIC = NO;
				GCC_NO_COMMON_BLOCKS = YES;
				GCC_OPTIMIZATION_LEVEL = 0;
				GCC_PREPROCESSOR_DEFINITIONS = (
					"DEBUG=1",
					"$(inherited)",
				);
				GCC_WARN_64_TO_32_BIT_CONVERSION = YES;
				GCC_WARN_ABOUT_RETURN_TYPE = YES_ERROR;
				GCC_WARN_UNDECLARED_SELECTOR = YES;
				GCC_WARN_UNINITIALIZED_AUTOS = YES_AGGRESSIVE;
				GCC_WARN_UNUSED_FUNCTION = YES;
				GCC_WARN_UNUSED_VARIABLE = YES;
				IPHONEOS_DEPLOYMENT_TARGET = 9.0;
				MTL_ENABLE_DEBUG_INFO = YES;
				ONLY_ACTIVE_ARCH = YES;
				SDKROOT = iphoneos;
				SWIFT_OPTIMIZATION_LEVEL = "-Onone";
				TARGETED_DEVICE_FAMILY = "1,2";
			};
			name = Debug;
		};
		6299DDFB1BC2CC6900B37186 /* Release */ = {
			isa = XCBuildConfiguration;
			buildSettings = {
				ALWAYS_SEARCH_USER_PATHS = NO;
				CLANG_CXX_LANGUAGE_STANDARD = "gnu++0x";
				CLANG_CXX_LIBRARY = "libc++";
				CLANG_ENABLE_MODULES = YES;
				CLANG_ENABLE_OBJC_ARC = YES;
				CLANG_WARN_BOOL_CONVERSION = YES;
				CLANG_WARN_CONSTANT_CONVERSION = YES;
				CLANG_WARN_DIRECT_OBJC_ISA_USAGE = YES_ERROR;
				CLANG_WARN_EMPTY_BODY = YES;
				CLANG_WARN_ENUM_CONVERSION = YES;
				CLANG_WARN_INT_CONVERSION = YES;
				CLANG_WARN_OBJC_ROOT_CLASS = YES_ERROR;
				CLANG_WARN_UNREACHABLE_CODE = YES;
				CLANG_WARN__DUPLICATE_METHOD_MATCH = YES;
				"CODE_SIGN_IDENTITY[sdk=iphoneos*]" = "iPhone Developer";
				COPY_PHASE_STRIP = NO;
				DEBUG_INFORMATION_FORMAT = "dwarf-with-dsym";
				ENABLE_NS_ASSERTIONS = NO;
				ENABLE_STRICT_OBJC_MSGSEND = YES;
				GCC_C_LANGUAGE_STANDARD = gnu99;
				GCC_NO_COMMON_BLOCKS = YES;
				GCC_WARN_64_TO_32_BIT_CONVERSION = YES;
				GCC_WARN_ABOUT_RETURN_TYPE = YES_ERROR;
				GCC_WARN_UNDECLARED_SELECTOR = YES;
				GCC_WARN_UNINITIALIZED_AUTOS = YES_AGGRESSIVE;
				GCC_WARN_UNUSED_FUNCTION = YES;
				GCC_WARN_UNUSED_VARIABLE = YES;
				IPHONEOS_DEPLOYMENT_TARGET = 9.0;
				MTL_ENABLE_DEBUG_INFO = NO;
				SDKROOT = iphoneos;
				TARGETED_DEVICE_FAMILY = "1,2";
				VALIDATE_PRODUCT = YES;
			};
			name = Release;
		};
		6299DDFD1BC2CC6900B37186 /* Debug */ = {
			isa = XCBuildConfiguration;
			buildSettings = {
				ASSETCATALOG_COMPILER_APPICON_NAME = AppIcon;
				CODE_SIGN_IDENTITY = "iPhone Developer";
				CURRENT_PROJECT_VERSION = 11;
				INFOPLIST_FILE = 22/Info.plist;
				LD_RUNPATH_SEARCH_PATHS = "$(inherited) @executable_path/Frameworks";
				PRODUCT_BUNDLE_IDENTIFIER = be.fousa.22;
				PRODUCT_NAME = "$(TARGET_NAME)";
				TARGETED_DEVICE_FAMILY = 1;
			};
			name = Debug;
		};
		6299DDFE1BC2CC6900B37186 /* Release */ = {
			isa = XCBuildConfiguration;
			buildSettings = {
				ASSETCATALOG_COMPILER_APPICON_NAME = AppIcon;
				CODE_SIGN_IDENTITY = "iPhone Distribution: Jelle Vandebeeck (743AM63YFU)";
				"CODE_SIGN_IDENTITY[sdk=iphoneos*]" = "iPhone Distribution: Jelle Vandebeeck (743AM63YFU)";
				CURRENT_PROJECT_VERSION = 11;
				INFOPLIST_FILE = 22/Info.plist;
				LD_RUNPATH_SEARCH_PATHS = "$(inherited) @executable_path/Frameworks";
				PRODUCT_BUNDLE_IDENTIFIER = be.fousa.22;
				PRODUCT_NAME = "$(TARGET_NAME)";
				PROVISIONING_PROFILE = "305b2465-8796-49ef-af72-06979b549db3";
				TARGETED_DEVICE_FAMILY = 1;
			};
			name = Release;
		};
/* End XCBuildConfiguration section */

/* Begin XCConfigurationList section */
		6299DDE51BC2CC6900B37186 /* Build configuration list for PBXProject "22" */ = {
			isa = XCConfigurationList;
			buildConfigurations = (
				6299DDFA1BC2CC6900B37186 /* Debug */,
				6299DDFB1BC2CC6900B37186 /* Release */,
			);
			defaultConfigurationIsVisible = 0;
			defaultConfigurationName = Release;
		};
		6299DDFC1BC2CC6900B37186 /* Build configuration list for PBXNativeTarget "22" */ = {
			isa = XCConfigurationList;
			buildConfigurations = (
				6299DDFD1BC2CC6900B37186 /* Debug */,
				6299DDFE1BC2CC6900B37186 /* Release */,
			);
			defaultConfigurationIsVisible = 0;
			defaultConfigurationName = Release;
		};
/* End XCConfigurationList section */
	};
	rootObject = 6299DDE21BC2CC6900B37186 /* Project object */;
}
